
Microsoft Visual Studio Solution File, Format Version 12.00
# Visual Studio Version 17
VisualStudioVersion = 17.5.002.0
MinimumVisualStudioVersion = 10.0.40219.1
Project("{9A19103F-16F7-4668-BE54-9A1E7A4F7556}") = "DesafioProjetoHospedagem", "DesafioProjetoHospedagem.csproj", "{0EF9A061-CCE2-46AD-8CB5-4708167E7803}"
EndProject
Global
	GlobalSection(SolutionConfigurationPlatforms) = preSolution
		Debug|Any CPU = Debug|Any CPU
		Release|Any CPU = Release|Any CPU
	EndGlobalSection
	GlobalSection(ProjectConfigurationPlatforms) = postSolution
		{0EF9A061-CCE2-46AD-8CB5-4708167E7803}.Debug|Any CPU.ActiveCfg = Debug|Any CPU
		{0EF9A061-CCE2-46AD-8CB5-4708167E7803}.Debug|Any CPU.Build.0 = Debug|Any CPU
		{0EF9A061-CCE2-46AD-8CB5-4708167E7803}.Release|Any CPU.ActiveCfg = Release|Any CPU
		{0EF9A061-CCE2-46AD-8CB5-4708167E7803}.Release|Any CPU.Build.0 = Release|Any CPU
	EndGlobalSection
	GlobalSection(SolutionProperties) = preSolution
		HideSolutionNode = FALSE
	EndGlobalSection
	GlobalSection(ExtensibilityGlobals) = postSolution
		SolutionGuid = {DEDB1856-D4B9-4F95-8FDC-4823341C9356}
	EndGlobalSection
EndGlobal
